{
  "originHash" : "0bd859401ded7bdbf5cd766a5cef5f8da35c2b9d76042b9c37b3164b2493c0c4",
  "pins" : [
    {
      "identity" : "javascriptkit",
      "kind" : "remoteSourceControl",
      "location" : "https://github.com/swiftwasm/JavaScriptKit",
      "state" : {
        "revision" : "991755e698a7516eac571e6f6a65c04c907ce5ed",
        "version" : "0.59.0"
      }
    },
    {
      "identity" : "sailboat",
      "kind" : "remoteSourceControl",
      "location" : "https://github.com/SailorWebFramework/Sailboat",
      "state" : {
        "revision" : "eb5194cf3e62ae344eb3ca6752cde7544452dba0",
        "version" : "0.4.0"
      }
    },
    {
      "identity" : "sailor",
      "kind" : "remoteSourceControl",
      "location" : "https://github.com/SailorWebFramework/Sailor",
      "state" : {
        "revision" : "c6a84113cf80aff11436499680a87ad5b7b1bb46",
        "version" : "0.4.0"
      }
    },
    {
      "identity" : "swift-syntax",
      "kind" : "remoteSourceControl",
      "location" : "https://github.com/swiftlang/swift-syntax",
      "state" : {
        "revision" : "79e4b74a295b6eb74a8b585e3a39d29e70c1dbd1",
        "version" : "603.0.2"
      }
    }
  ],
  "version" : 3
}
